
Microsoft Visual Studio Solution File, Format Version 12.00
# Visual Studio Version 17
VisualStudioVersion = 17.5.002.0
MinimumVisualStudioVersion = 10.0.40219.1
Project("{9A19103F-16F7-4668-BE54-9A1E7A4F7556}") = "BankingSystemAPI", "BankingSystemAPI.csproj", "{909DE829-33D7-496C-BFC3-B9A521F4137B}"
EndProject
Project("{9A19103F-16F7-4668-BE54-9A1E7A4F7556}") = "BankingSystemAPI (1)", "BankingSystemAPI\BankingSystemAPI.csproj", "{E1AB040E-37DC-4C27-BFEA-5C84D86C39C3}"
EndProject
Global
	GlobalSection(SolutionConfigurationPlatforms) = preSolution
		Debug|Any CPU = Debug|Any CPU
		Release|Any CPU = Release|Any CPU
	EndGlobalSection
	GlobalSection(ProjectConfigurationPlatforms) = postSolution
		{909DE829-33D7-496C-BFC3-B9A521F4137B}.Debug|Any CPU.ActiveCfg = Debug|Any CPU
		{909DE829-33D7-496C-BFC3-B9A521F4137B}.Debug|Any CPU.Build.0 = Debug|Any CPU
		{909DE829-33D7-496C-BFC3-B9A521F4137B}.Release|Any CPU.ActiveCfg = Release|Any CPU
		{909DE829-33D7-496C-BFC3-B9A521F4137B}.Release|Any CPU.Build.0 = Release|Any CPU
		{E1AB040E-37DC-4C27-BFEA-5C84D86C39C3}.Debug|Any CPU.ActiveCfg = Debug|Any CPU
		{E1AB040E-37DC-4C27-BFEA-5C84D86C39C3}.Debug|Any CPU.Build.0 = Debug|Any CPU
		{E1AB040E-37DC-4C27-BFEA-5C84D86C39C3}.Release|Any CPU.ActiveCfg = Release|Any CPU
		{E1AB040E-37DC-4C27-BFEA-5C84D86C39C3}.Release|Any CPU.Build.0 = Release|Any CPU
	EndGlobalSection
	GlobalSection(SolutionProperties) = preSolution
		HideSolutionNode = FALSE
	EndGlobalSection
	GlobalSection(ExtensibilityGlobals) = postSolution
		SolutionGuid = {BEE44CDF-1E6C-4756-B761-E3A694EC5206}
	EndGlobalSection
EndGlobal
